
Microsoft Visual Studio Solution File, Format Version 12.00
# Visual Studio 15
VisualStudioVersion = 15.0.28307.438
MinimumVisualStudioVersion = 10.0.40219.1
Project("{FAE04EC0-301F-11D3-BF4B-00C04F79EFBC}") = "SignalRWebRct", "SignalRWebRct\SignalRWebRct.csproj", "{4E3796F6-26A1-4ABC-8E8F-18208565C7F8}"
EndProject
Global
	GlobalSection(SolutionConfigurationPlatforms) = preSolution
		Debug|Any CPU = Debug|Any CPU
		Release|Any CPU = Release|Any CPU
	EndGlobalSection
	GlobalSection(ProjectConfigurationPlatforms) = postSolution
		{4E3796F6-26A1-4ABC-8E8F-18208565C7F8}.Debug|Any CPU.ActiveCfg = Debug|Any CPU
		{4E3796F6-26A1-4ABC-8E8F-18208565C7F8}.Debug|Any CPU.Build.0 = Debug|Any CPU
		{4E3796F6-26A1-4ABC-8E8F-18208565C7F8}.Release|Any CPU.ActiveCfg = Release|Any CPU
		{4E3796F6-26A1-4ABC-8E8F-18208565C7F8}.Release|Any CPU.Build.0 = Release|Any CPU
	EndGlobalSection
	GlobalSection(SolutionProperties) = preSolution
		HideSolutionNode = FALSE
	EndGlobalSection
	GlobalSection(ExtensibilityGlobals) = postSolution
		SolutionGuid = {D24BD5D8-2519-4EA9-9271-68B5311E011D}
	EndGlobalSection
EndGlobal
